<?xml version="1.0" encoding="utf-8"?>
<Project ToolsVersion="4.0" xmlns="http://schemas.microsoft.com/developer/msbuild/2003">
  <ItemGroup>
    <Filter Include="Source Files">
      <UniqueIdentifier>{63374cea-7079-4b29-9cb2-f7bbc42db1ae}</UniqueIdentifier>
      <Extensions>cpp;c;cxx;rc;def;r;odl;idl;hpj;bat</Extensions>
    </Filter>
    <Filter Include="Source Files\Ghost effects">
      <UniqueIdentifier>{b11823d1-3346-43b2-8259-bfe903c193a1}</UniqueIdentifier>
      <Extensions>.cpp</Extensions>
    </Filter>
    <Filter Include="Header Files">
      <UniqueIdentifier>{dd4d4bbf-61f4-400f-bac1-0b31f7c69584}</UniqueIdentifier>
      <Extensions>h;hpp;hxx;hm;inl</Extensions>
    </Filter>
    <Filter Include="Header Files\Ghost Effects headers">
      <UniqueIdentifier>{c6fc7d73-547c-4dd2-ac59-1034cc5a37df}</UniqueIdentifier>
      <Extensions>.h</Extensions>
    </Filter>
  </ItemGroup>
  <ItemGroup>
    <ClCompile Include="buzzForceField.C">
      <Filter>Source Files</Filter>
    </ClCompile>
    <ClCompile Include="constraint.C">
      <Filter>Source Files</Filter>
    </ClCompile>
    <ClCompile Include="forcefield.C">
      <Filter>Source Files</Filter>
    </ClCompile>
    <ClCompile Include="plane.C">
      <Filter>Source Files</Filter>
    </ClCompile>
    <ClCompile Include="texture_plane.C">
      <Filter>Source Files</Filter>
    </ClCompile>
    <ClCompile Include="trimesh.C">
      <Filter>Source Files</Filter>
    </ClCompile>
    <ClCompile Include="vrpn_Phantom.C">
      <Filter>Source Files</Filter>
    </ClCompile>
    <ClCompile Include="ghostEffects\InstantBuzzEffect.cpp">
      <Filter>Source Files\Ghost effects</Filter>
    </ClCompile>
  </ItemGroup>
  <ItemGroup>
    <ClInclude Include="buzzForceField.h">
      <Filter>Header Files</Filter>
    </ClInclude>
    <ClInclude Include="constraint.h">
      <Filter>Header Files</Filter>
    </ClInclude>
    <ClInclude Include="forcefield.h">
      <Filter>Header Files</Filter>
    </ClInclude>
    <ClInclude Include="ghost.h">
      <Filter>Header Files</Filter>
    </ClInclude>
    <ClInclude Include="plane.h">
      <Filter>Header Files</Filter>
    </ClInclude>
    <ClInclude Include="texture_plane.h">
      <Filter>Header Files</Filter>
    </ClInclude>
    <ClInclude Include="trimesh.h">
      <Filter>Header Files</Filter>
    </ClInclude>
    <ClInclude Include="vrpn_Phantom.h">
      <Filter>Header Files</Filter>
    </ClInclude>
    <ClInclude Include="ghostEffects\InstantBuzzEffect.h">
      <Filter>Header Files\Ghost Effects headers</Filter>
    </ClInclude>
  </ItemGroup>
</Project>